
Microsoft Visual Studio Solution File, Format Version 12.00
# Visual Studio Version 17
VisualStudioVersion = 17.14.36127.28
MinimumVisualStudioVersion = 10.0.40219.1
Project("{FAE04EC0-301F-11D3-BF4B-00C04F79EFBC}") = "keykeeper-backend.API", "src\keykeeper-backend.API\keykeeper-backend.API.csproj", "{0DA580E1-4486-D0AB-6272-AFEED0816511}"
EndProject
Project("{FAE04EC0-301F-11D3-BF4B-00C04F79EFBC}") = "keykeeper-backend.Domain", "src\keykeeper-backend.Domain\keykeeper-backend.Domain.csproj", "{9C601346-E5F0-CEC2-EC72-2FBAD9EF43A1}"
EndProject
Project("{FAE04EC0-301F-11D3-BF4B-00C04F79EFBC}") = "keykeeper-backend.Application", "src\keykeeper-backend.Application\keykeeper-backend.Application.csproj", "{42B16D61-E44D-D01A-701E-235D4C3EFA92}"
EndProject
Global
	GlobalSection(SolutionConfigurationPlatforms) = preSolution
		Debug|Any CPU = Debug|Any CPU
		Release|Any CPU = Release|Any CPU
	EndGlobalSection
	GlobalSection(ProjectConfigurationPlatforms) = postSolution
		{0DA580E1-4486-D0AB-6272-AFEED0816511}.Debug|Any CPU.ActiveCfg = Debug|Any CPU
		{0DA580E1-4486-D0AB-6272-AFEED0816511}.Debug|Any CPU.Build.0 = Debug|Any CPU
		{0DA580E1-4486-D0AB-6272-AFEED0816511}.Release|Any CPU.ActiveCfg = Release|Any CPU
		{0DA580E1-4486-D0AB-6272-AFEED0816511}.Release|Any CPU.Build.0 = Release|Any CPU
		{9C601346-E5F0-CEC2-EC72-2FBAD9EF43A1}.Debug|Any CPU.ActiveCfg = Debug|Any CPU
		{9C601346-E5F0-CEC2-EC72-2FBAD9EF43A1}.Debug|Any CPU.Build.0 = Debug|Any CPU
		{9C601346-E5F0-CEC2-EC72-2FBAD9EF43A1}.Release|Any CPU.ActiveCfg = Release|Any CPU
		{9C601346-E5F0-CEC2-EC72-2FBAD9EF43A1}.Release|Any CPU.Build.0 = Release|Any CPU
		{42B16D61-E44D-D01A-701E-235D4C3EFA92}.Debug|Any CPU.ActiveCfg = Debug|Any CPU
		{42B16D61-E44D-D01A-701E-235D4C3EFA92}.Debug|Any CPU.Build.0 = Debug|Any CPU
		{42B16D61-E44D-D01A-701E-235D4C3EFA92}.Release|Any CPU.ActiveCfg = Release|Any CPU
		{42B16D61-E44D-D01A-701E-235D4C3EFA92}.Release|Any CPU.Build.0 = Release|Any CPU
	EndGlobalSection
	GlobalSection(SolutionProperties) = preSolution
		HideSolutionNode = FALSE
	EndGlobalSection
	GlobalSection(ExtensibilityGlobals) = postSolution
		SolutionGuid = {A8BE672E-9894-4DE9-812A-292F6EE501D6}
	EndGlobalSection
EndGlobal
